
Microsoft Visual Studio Solution File, Format Version 12.00
# Visual Studio Version 17
VisualStudioVersion = 17.8.34525.116
MinimumVisualStudioVersion = 10.0.40219.1
Project("{FAE04EC0-301F-11D3-BF4B-00C04F79EFBC}") = "StreamMusic", "StreamMusic.csproj", "{DAFC064E-8296-45D6-8CF5-2A510DC13BE7}"
EndProject
Global
	GlobalSection(SolutionConfigurationPlatforms) = preSolution
		Debug|Any CPU = Debug|Any CPU
		Release|Any CPU = Release|Any CPU
	EndGlobalSection
	GlobalSection(ProjectConfigurationPlatforms) = postSolution
		{DAFC064E-8296-45D6-8CF5-2A510DC13BE7}.Debug|Any CPU.ActiveCfg = Debug|Any CPU
		{DAFC064E-8296-45D6-8CF5-2A510DC13BE7}.Debug|Any CPU.Build.0 = Debug|Any CPU
		{DAFC064E-8296-45D6-8CF5-2A510DC13BE7}.Release|Any CPU.ActiveCfg = Release|Any CPU
		{DAFC064E-8296-45D6-8CF5-2A510DC13BE7}.Release|Any CPU.Build.0 = Release|Any CPU
	EndGlobalSection
	GlobalSection(SolutionProperties) = preSolution
		HideSolutionNode = FALSE
	EndGlobalSection
	GlobalSection(ExtensibilityGlobals) = postSolution
		SolutionGuid = {CF76EE5D-0B6B-4F98-8E8E-27ABD7753836}
	EndGlobalSection
EndGlobal
